
Microsoft Visual Studio Solution File, Format Version 12.00
# Visual Studio Version 17
VisualStudioVersion = 17.13.35919.96 d17.13
MinimumVisualStudioVersion = 10.0.40219.1
Project("{FAE04EC0-301F-11D3-BF4B-00C04F79EFBC}") = "CVGenerator", "CV, generator\CVGenerator.csproj", "{35FD37C3-28B5-43EB-AC01-8EF9CC23CB26}"
EndProject
Global
	GlobalSection(SolutionConfigurationPlatforms) = preSolution
		Debug|Any CPU = Debug|Any CPU
		Release|Any CPU = Release|Any CPU
	EndGlobalSection
	GlobalSection(ProjectConfigurationPlatforms) = postSolution
		{35FD37C3-28B5-43EB-AC01-8EF9CC23CB26}.Debug|Any CPU.ActiveCfg = Debug|Any CPU
		{35FD37C3-28B5-43EB-AC01-8EF9CC23CB26}.Debug|Any CPU.Build.0 = Debug|Any CPU
		{35FD37C3-28B5-43EB-AC01-8EF9CC23CB26}.Release|Any CPU.ActiveCfg = Release|Any CPU
		{35FD37C3-28B5-43EB-AC01-8EF9CC23CB26}.Release|Any CPU.Build.0 = Release|Any CPU
	EndGlobalSection
	GlobalSection(SolutionProperties) = preSolution
		HideSolutionNode = FALSE
	EndGlobalSection
	GlobalSection(ExtensibilityGlobals) = postSolution
		SolutionGuid = {CE9F81C7-665E-440B-88E3-85E6D4D0CEDF}
	EndGlobalSection
EndGlobal
